
Microsoft Visual Studio Solution File, Format Version 12.00
# Visual Studio Version 16
VisualStudioVersion = 16.0.31019.35
MinimumVisualStudioVersion = 10.0.40219.1
Project("{9A19103F-16F7-4668-BE54-9A1E7A4F7556}") = "VismaBookLibrary", "VismaBookLibrary\VismaBookLibrary.csproj", "{2ED4ABEA-8AA6-46D3-9235-156DB82E27BC}"
	ProjectSection(ProjectDependencies) = postProject
		{0CBEEA58-2F30-4E89-8BFE-4CBA08095D62} = {0CBEEA58-2F30-4E89-8BFE-4CBA08095D62}
	EndProjectSection
EndProject
Project("{9A19103F-16F7-4668-BE54-9A1E7A4F7556}") = "ModelLayer", "ModelLayer\ModelLayer.csproj", "{921731C3-93FC-4A36-9887-110345BA3055}"
EndProject
Project("{9A19103F-16F7-4668-BE54-9A1E7A4F7556}") = "LogicLayer", "LogicLayer\LogicLayer.csproj", "{0CBEEA58-2F30-4E89-8BFE-4CBA08095D62}"
	ProjectSection(ProjectDependencies) = postProject
		{921731C3-93FC-4A36-9887-110345BA3055} = {921731C3-93FC-4A36-9887-110345BA3055}
	EndProjectSection
EndProject
Project("{FAE04EC0-301F-11D3-BF4B-00C04F79EFBC}") = "UnitTests", "UnitTests\UnitTests.csproj", "{A2CC0CF7-342B-4473-B681-E8700D0A8153}"
EndProject
Global
	GlobalSection(SolutionConfigurationPlatforms) = preSolution
		Debug|Any CPU = Debug|Any CPU
		Release|Any CPU = Release|Any CPU
	EndGlobalSection
	GlobalSection(ProjectConfigurationPlatforms) = postSolution
		{2ED4ABEA-8AA6-46D3-9235-156DB82E27BC}.Debug|Any CPU.ActiveCfg = Debug|Any CPU
		{2ED4ABEA-8AA6-46D3-9235-156DB82E27BC}.Debug|Any CPU.Build.0 = Debug|Any CPU
		{2ED4ABEA-8AA6-46D3-9235-156DB82E27BC}.Release|Any CPU.ActiveCfg = Release|Any CPU
		{2ED4ABEA-8AA6-46D3-9235-156DB82E27BC}.Release|Any CPU.Build.0 = Release|Any CPU
		{921731C3-93FC-4A36-9887-110345BA3055}.Debug|Any CPU.ActiveCfg = Debug|Any CPU
		{921731C3-93FC-4A36-9887-110345BA3055}.Debug|Any CPU.Build.0 = Debug|Any CPU
		{921731C3-93FC-4A36-9887-110345BA3055}.Release|Any CPU.ActiveCfg = Release|Any CPU
		{921731C3-93FC-4A36-9887-110345BA3055}.Release|Any CPU.Build.0 = Release|Any CPU
		{0CBEEA58-2F30-4E89-8BFE-4CBA08095D62}.Debug|Any CPU.ActiveCfg = Debug|Any CPU
		{0CBEEA58-2F30-4E89-8BFE-4CBA08095D62}.Debug|Any CPU.Build.0 = Debug|Any CPU
		{0CBEEA58-2F30-4E89-8BFE-4CBA08095D62}.Release|Any CPU.ActiveCfg = Release|Any CPU
		{0CBEEA58-2F30-4E89-8BFE-4CBA08095D62}.Release|Any CPU.Build.0 = Release|Any CPU
		{A2CC0CF7-342B-4473-B681-E8700D0A8153}.Debug|Any CPU.ActiveCfg = Debug|Any CPU
		{A2CC0CF7-342B-4473-B681-E8700D0A8153}.Debug|Any CPU.Build.0 = Debug|Any CPU
		{A2CC0CF7-342B-4473-B681-E8700D0A8153}.Release|Any CPU.ActiveCfg = Release|Any CPU
		{A2CC0CF7-342B-4473-B681-E8700D0A8153}.Release|Any CPU.Build.0 = Release|Any CPU
	EndGlobalSection
	GlobalSection(SolutionProperties) = preSolution
		HideSolutionNode = FALSE
	EndGlobalSection
	GlobalSection(ExtensibilityGlobals) = postSolution
		SolutionGuid = {3FC92343-FC98-4FA0-8254-3A5335B0DF72}
	EndGlobalSection
EndGlobal
